
Microsoft Visual Studio Solution File, Format Version 12.00
# Visual Studio 15
VisualStudioVersion = 15.0.28307.960
MinimumVisualStudioVersion = 10.0.40219.1
Project("{FAE04EC0-301F-11D3-BF4B-00C04F79EFBC}") = "CreateLogin", "CreateLogin\CreateLogin.csproj", "{BD4098CF-BA32-4B0B-ADE0-45ACE76E7CEB}"
EndProject
Global
	GlobalSection(SolutionConfigurationPlatforms) = preSolution
		Debug|Any CPU = Debug|Any CPU
		Release|Any CPU = Release|Any CPU
	EndGlobalSection
	GlobalSection(ProjectConfigurationPlatforms) = postSolution
		{BD4098CF-BA32-4B0B-ADE0-45ACE76E7CEB}.Debug|Any CPU.ActiveCfg = Debug|Any CPU
		{BD4098CF-BA32-4B0B-ADE0-45ACE76E7CEB}.Debug|Any CPU.Build.0 = Debug|Any CPU
		{BD4098CF-BA32-4B0B-ADE0-45ACE76E7CEB}.Release|Any CPU.ActiveCfg = Release|Any CPU
		{BD4098CF-BA32-4B0B-ADE0-45ACE76E7CEB}.Release|Any CPU.Build.0 = Release|Any CPU
	EndGlobalSection
	GlobalSection(SolutionProperties) = preSolution
		HideSolutionNode = FALSE
	EndGlobalSection
	GlobalSection(ExtensibilityGlobals) = postSolution
		SolutionGuid = {40B6CD2F-35B0-48E9-B2ED-D4E599738FCD}
	EndGlobalSection
EndGlobal
